
Microsoft Visual Studio Solution File, Format Version 12.00
# Visual Studio Version 16
VisualStudioVersion = 16.0.30907.101
MinimumVisualStudioVersion = 10.0.40219.1
Project("{FAE04EC0-301F-11D3-BF4B-00C04F79EFBC}") = "CSharpMVC", "CSharpMVC\CSharpMVC.csproj", "{08169408-F209-4A32-AEA0-3CCA0B3F884E}"
EndProject
Global
	GlobalSection(SolutionConfigurationPlatforms) = preSolution
		Debug|Any CPU = Debug|Any CPU
		Release|Any CPU = Release|Any CPU
	EndGlobalSection
	GlobalSection(ProjectConfigurationPlatforms) = postSolution
		{08169408-F209-4A32-AEA0-3CCA0B3F884E}.Debug|Any CPU.ActiveCfg = Debug|Any CPU
		{08169408-F209-4A32-AEA0-3CCA0B3F884E}.Debug|Any CPU.Build.0 = Debug|Any CPU
		{08169408-F209-4A32-AEA0-3CCA0B3F884E}.Release|Any CPU.ActiveCfg = Release|Any CPU
		{08169408-F209-4A32-AEA0-3CCA0B3F884E}.Release|Any CPU.Build.0 = Release|Any CPU
	EndGlobalSection
	GlobalSection(SolutionProperties) = preSolution
		HideSolutionNode = FALSE
	EndGlobalSection
	GlobalSection(ExtensibilityGlobals) = postSolution
		SolutionGuid = {C1D28097-F147-4E5B-A455-45E45A2BB176}
	EndGlobalSection
EndGlobal
